
Microsoft Visual Studio Solution File, Format Version 12.00
# Visual Studio Version 16
VisualStudioVersion = 16.0.31424.327
MinimumVisualStudioVersion = 10.0.40219.1
Project("{888888A0-9F3D-457C-B088-3A5042F75D52}") = "Qual o mais vatajoso Gasolina ou Etanol", "Qual o mais vatajoso Gasolina ou Etanol\Qual o mais vatajoso Gasolina ou Etanol.pyproj", "{AD986E9B-A817-4F2C-9BA7-FBA6741BD1CB}"
EndProject
Global
	GlobalSection(SolutionConfigurationPlatforms) = preSolution
		Debug|Any CPU = Debug|Any CPU
		Release|Any CPU = Release|Any CPU
	EndGlobalSection
	GlobalSection(ProjectConfigurationPlatforms) = postSolution
		{AD986E9B-A817-4F2C-9BA7-FBA6741BD1CB}.Debug|Any CPU.ActiveCfg = Debug|Any CPU
		{AD986E9B-A817-4F2C-9BA7-FBA6741BD1CB}.Release|Any CPU.ActiveCfg = Release|Any CPU
	EndGlobalSection
	GlobalSection(SolutionProperties) = preSolution
		HideSolutionNode = FALSE
	EndGlobalSection
	GlobalSection(ExtensibilityGlobals) = postSolution
		SolutionGuid = {14DC5DEF-E422-4FAA-A10A-D4D2C86F5D75}
	EndGlobalSection
EndGlobal
